
Microsoft Visual Studio Solution File, Format Version 10.00
# Visual Studio 2008
Project("{FAE04EC0-301F-11D3-BF4B-00C04F79EFBC}") = "SunMkr.BaseLayer.Core", "SunMkr.BaseLayer.Core\SunMkr.BaseLayer.Core.csproj", "{16A37AEF-6963-43D0-B9C6-E570E5CF9367}"
EndProject
Project("{FAE04EC0-301F-11D3-BF4B-00C04F79EFBC}") = "SunMkr", "SunMkr\SunMkr.csproj", "{BDF7D523-7597-4509-AF36-EF993A51F7CD}"
EndProject
Project("{FAE04EC0-301F-11D3-BF4B-00C04F79EFBC}") = "SunMkrLibTestor", "SunMkrLibTestor\SunMkrLibTestor.csproj", "{7DB727A6-105F-4F1E-BA6C-D2EF62690689}"
EndProject
Project("{E24C65DC-7377-472B-9ABA-BC803B73C61A}") = "SunMkrWebTester", "SunMkrWebTester\", "{4B1C9ECB-6DC9-449D-A03C-A4C2FDEBD5E1}"
	ProjectSection(WebsiteProperties) = preProject
		TargetFramework = "2.0"
		ProjectReferences = "{BDF7D523-7597-4509-AF36-EF993A51F7CD}|SunMkr2.0.dll;{16A37AEF-6963-43D0-B9C6-E570E5CF9367}|SunMkr.BaseLayer.Core2.0.dll;{55B5B919-55F6-4D42-A87A-7A099B1EFFBE}|SunMkr.AS.DB2.0.dll;"
		Debug.AspNetCompiler.VirtualPath = "/SunMkrWebTester"
		Debug.AspNetCompiler.PhysicalPath = "SunMkrWebTester\"
		Debug.AspNetCompiler.TargetPath = "PrecompiledWeb\SunMkrWebTester\"
		Debug.AspNetCompiler.Updateable = "true"
		Debug.AspNetCompiler.ForceOverwrite = "true"
		Debug.AspNetCompiler.FixedNames = "false"
		Debug.AspNetCompiler.Debug = "True"
		Release.AspNetCompiler.VirtualPath = "/SunMkrWebTester"
		Release.AspNetCompiler.PhysicalPath = "SunMkrWebTester\"
		Release.AspNetCompiler.TargetPath = "PrecompiledWeb\SunMkrWebTester\"
		Release.AspNetCompiler.Updateable = "true"
		Release.AspNetCompiler.ForceOverwrite = "true"
		Release.AspNetCompiler.FixedNames = "false"
		Release.AspNetCompiler.Debug = "False"
		VWDPort = "7901"
		DefaultWebSiteLanguage = "Visual C#"
	EndProjectSection
EndProject
Project("{FAE04EC0-301F-11D3-BF4B-00C04F79EFBC}") = "SunMkr.AS.DB", "SunMkr.AS.DB\SunMkr.AS.DB.csproj", "{55B5B919-55F6-4D42-A87A-7A099B1EFFBE}"
EndProject
Global
	GlobalSection(SubversionScc) = preSolution
		Svn-Managed = True
		Manager = AnkhSVN - Subversion Support for Visual Studio
	EndGlobalSection
	GlobalSection(SolutionConfigurationPlatforms) = preSolution
		Debug|Any CPU = Debug|Any CPU
		Release|Any CPU = Release|Any CPU
	EndGlobalSection
	GlobalSection(ProjectConfigurationPlatforms) = postSolution
		{16A37AEF-6963-43D0-B9C6-E570E5CF9367}.Debug|Any CPU.ActiveCfg = Debug|Any CPU
		{16A37AEF-6963-43D0-B9C6-E570E5CF9367}.Debug|Any CPU.Build.0 = Debug|Any CPU
		{16A37AEF-6963-43D0-B9C6-E570E5CF9367}.Release|Any CPU.ActiveCfg = Release|Any CPU
		{16A37AEF-6963-43D0-B9C6-E570E5CF9367}.Release|Any CPU.Build.0 = Release|Any CPU
		{BDF7D523-7597-4509-AF36-EF993A51F7CD}.Debug|Any CPU.ActiveCfg = Debug|Any CPU
		{BDF7D523-7597-4509-AF36-EF993A51F7CD}.Debug|Any CPU.Build.0 = Debug|Any CPU
		{BDF7D523-7597-4509-AF36-EF993A51F7CD}.Release|Any CPU.ActiveCfg = Release|Any CPU
		{BDF7D523-7597-4509-AF36-EF993A51F7CD}.Release|Any CPU.Build.0 = Release|Any CPU
		{7DB727A6-105F-4F1E-BA6C-D2EF62690689}.Debug|Any CPU.ActiveCfg = Debug|Any CPU
		{7DB727A6-105F-4F1E-BA6C-D2EF62690689}.Debug|Any CPU.Build.0 = Debug|Any CPU
		{7DB727A6-105F-4F1E-BA6C-D2EF62690689}.Release|Any CPU.ActiveCfg = Release|Any CPU
		{7DB727A6-105F-4F1E-BA6C-D2EF62690689}.Release|Any CPU.Build.0 = Release|Any CPU
		{4B1C9ECB-6DC9-449D-A03C-A4C2FDEBD5E1}.Debug|Any CPU.ActiveCfg = Debug|Any CPU
		{4B1C9ECB-6DC9-449D-A03C-A4C2FDEBD5E1}.Debug|Any CPU.Build.0 = Debug|Any CPU
		{4B1C9ECB-6DC9-449D-A03C-A4C2FDEBD5E1}.Release|Any CPU.ActiveCfg = Debug|Any CPU
		{4B1C9ECB-6DC9-449D-A03C-A4C2FDEBD5E1}.Release|Any CPU.Build.0 = Debug|Any CPU
		{55B5B919-55F6-4D42-A87A-7A099B1EFFBE}.Debug|Any CPU.ActiveCfg = Debug|Any CPU
		{55B5B919-55F6-4D42-A87A-7A099B1EFFBE}.Debug|Any CPU.Build.0 = Debug|Any CPU
		{55B5B919-55F6-4D42-A87A-7A099B1EFFBE}.Release|Any CPU.ActiveCfg = Release|Any CPU
		{55B5B919-55F6-4D42-A87A-7A099B1EFFBE}.Release|Any CPU.Build.0 = Release|Any CPU
	EndGlobalSection
	GlobalSection(SolutionProperties) = preSolution
		HideSolutionNode = FALSE
	EndGlobalSection
EndGlobal
