
Microsoft Visual Studio Solution File, Format Version 10.00
# Visual Studio 2008
Project("{E24C65DC-7377-472B-9ABA-BC803B73C61A}") = "TjChemicalWeb", "TjChemicalWeb\", "{0D32426C-4BFA-4870-9091-0E0F9500EC9D}"
	ProjectSection(WebsiteProperties) = preProject
		TargetFramework = "3.5"
		ProjectReferences = "{2290975C-C0A3-4F29-AB03-D24EA357562B}|IDepartment.dll;{18237246-FA82-4C18-9A0E-0E7447C82BD4}|Login.dll;{49669F96-A2F7-4E45-8E9F-026EA6181D6D}|StundentInfoManagement.dll;{552A9CD7-B9F2-4091-A578-B16DA7A11CEF}|StudentFile.dll;{3B5C7179-71C9-4A07-9D2F-AD3B7937E7B0}|News.dll;"
		Debug.AspNetCompiler.VirtualPath = "/TjChemicalWeb"
		Debug.AspNetCompiler.PhysicalPath = "TjChemicalWeb\"
		Debug.AspNetCompiler.TargetPath = "PrecompiledWeb\TjChemicalWeb\"
		Debug.AspNetCompiler.Updateable = "true"
		Debug.AspNetCompiler.ForceOverwrite = "true"
		Debug.AspNetCompiler.FixedNames = "false"
		Debug.AspNetCompiler.Debug = "True"
		Release.AspNetCompiler.VirtualPath = "/TjChemicalWeb"
		Release.AspNetCompiler.PhysicalPath = "TjChemicalWeb\"
		Release.AspNetCompiler.TargetPath = "PrecompiledWeb\TjChemicalWeb\"
		Release.AspNetCompiler.Updateable = "true"
		Release.AspNetCompiler.ForceOverwrite = "true"
		Release.AspNetCompiler.FixedNames = "false"
		Release.AspNetCompiler.Debug = "False"
		VWDPort = "25166"
		DefaultWebSiteLanguage = "Visual C#"
	EndProjectSection
EndProject
Project("{FAE04EC0-301F-11D3-BF4B-00C04F79EFBC}") = "StundentInfoManagement", "StundentInfoManagement\StundentInfoManagement.csproj", "{49669F96-A2F7-4E45-8E9F-026EA6181D6D}"
EndProject
Project("{FAE04EC0-301F-11D3-BF4B-00C04F79EFBC}") = "IDepartment", "IDepartment\IDepartment.csproj", "{2290975C-C0A3-4F29-AB03-D24EA357562B}"
EndProject
Project("{FAE04EC0-301F-11D3-BF4B-00C04F79EFBC}") = "Login", "Login\Login.csproj", "{18237246-FA82-4C18-9A0E-0E7447C82BD4}"
EndProject
Project("{FAE04EC0-301F-11D3-BF4B-00C04F79EFBC}") = "StudentFile", "StudentFile\StudentFile.csproj", "{552A9CD7-B9F2-4091-A578-B16DA7A11CEF}"
EndProject
Project("{FAE04EC0-301F-11D3-BF4B-00C04F79EFBC}") = "MultiMediaText", "MultiMediaText\MultiMediaText.csproj", "{B7387BAE-6A53-479B-903B-FA338EA42F07}"
EndProject
Project("{FAE04EC0-301F-11D3-BF4B-00C04F79EFBC}") = "News", "News\News.csproj", "{3B5C7179-71C9-4A07-9D2F-AD3B7937E7B0}"
EndProject
Project("{FAE04EC0-301F-11D3-BF4B-00C04F79EFBC}") = "SysMgrXmlReader", "XmlReader\SysMgrXmlReader.csproj", "{19BFD679-4072-4FE7-B8A9-15AF2EE0368F}"
EndProject
Project("{FAE04EC0-301F-11D3-BF4B-00C04F79EFBC}") = "Report", "Report\Report.csproj", "{9BA27249-354C-4F4A-AAE9-46876B5CA459}"
EndProject
Global
	GlobalSection(SolutionConfigurationPlatforms) = preSolution
		Debug|.NET = Debug|.NET
		Debug|Any CPU = Debug|Any CPU
		Debug|Mixed Platforms = Debug|Mixed Platforms
		Release|.NET = Release|.NET
		Release|Any CPU = Release|Any CPU
		Release|Mixed Platforms = Release|Mixed Platforms
	EndGlobalSection
	GlobalSection(ProjectConfigurationPlatforms) = postSolution
		{0D32426C-4BFA-4870-9091-0E0F9500EC9D}.Debug|.NET.ActiveCfg = Debug|.NET
		{0D32426C-4BFA-4870-9091-0E0F9500EC9D}.Debug|.NET.Build.0 = Debug|.NET
		{0D32426C-4BFA-4870-9091-0E0F9500EC9D}.Debug|Any CPU.ActiveCfg = Debug|.NET
		{0D32426C-4BFA-4870-9091-0E0F9500EC9D}.Debug|Mixed Platforms.ActiveCfg = Debug|.NET
		{0D32426C-4BFA-4870-9091-0E0F9500EC9D}.Debug|Mixed Platforms.Build.0 = Debug|.NET
		{0D32426C-4BFA-4870-9091-0E0F9500EC9D}.Release|.NET.ActiveCfg = Debug|.NET
		{0D32426C-4BFA-4870-9091-0E0F9500EC9D}.Release|.NET.Build.0 = Debug|.NET
		{0D32426C-4BFA-4870-9091-0E0F9500EC9D}.Release|Any CPU.ActiveCfg = Debug|.NET
		{0D32426C-4BFA-4870-9091-0E0F9500EC9D}.Release|Mixed Platforms.ActiveCfg = Debug|.NET
		{0D32426C-4BFA-4870-9091-0E0F9500EC9D}.Release|Mixed Platforms.Build.0 = Debug|.NET
		{49669F96-A2F7-4E45-8E9F-026EA6181D6D}.Debug|.NET.ActiveCfg = Debug|Any CPU
		{49669F96-A2F7-4E45-8E9F-026EA6181D6D}.Debug|Any CPU.ActiveCfg = Debug|Any CPU
		{49669F96-A2F7-4E45-8E9F-026EA6181D6D}.Debug|Any CPU.Build.0 = Debug|Any CPU
		{49669F96-A2F7-4E45-8E9F-026EA6181D6D}.Debug|Mixed Platforms.ActiveCfg = Debug|Any CPU
		{49669F96-A2F7-4E45-8E9F-026EA6181D6D}.Debug|Mixed Platforms.Build.0 = Debug|Any CPU
		{49669F96-A2F7-4E45-8E9F-026EA6181D6D}.Release|.NET.ActiveCfg = Release|Any CPU
		{49669F96-A2F7-4E45-8E9F-026EA6181D6D}.Release|Any CPU.ActiveCfg = Release|Any CPU
		{49669F96-A2F7-4E45-8E9F-026EA6181D6D}.Release|Any CPU.Build.0 = Release|Any CPU
		{49669F96-A2F7-4E45-8E9F-026EA6181D6D}.Release|Mixed Platforms.ActiveCfg = Release|Any CPU
		{49669F96-A2F7-4E45-8E9F-026EA6181D6D}.Release|Mixed Platforms.Build.0 = Release|Any CPU
		{2290975C-C0A3-4F29-AB03-D24EA357562B}.Debug|.NET.ActiveCfg = Debug|Any CPU
		{2290975C-C0A3-4F29-AB03-D24EA357562B}.Debug|Any CPU.ActiveCfg = Debug|Any CPU
		{2290975C-C0A3-4F29-AB03-D24EA357562B}.Debug|Any CPU.Build.0 = Debug|Any CPU
		{2290975C-C0A3-4F29-AB03-D24EA357562B}.Debug|Mixed Platforms.ActiveCfg = Debug|Any CPU
		{2290975C-C0A3-4F29-AB03-D24EA357562B}.Debug|Mixed Platforms.Build.0 = Debug|Any CPU
		{2290975C-C0A3-4F29-AB03-D24EA357562B}.Release|.NET.ActiveCfg = Release|Any CPU
		{2290975C-C0A3-4F29-AB03-D24EA357562B}.Release|Any CPU.ActiveCfg = Release|Any CPU
		{2290975C-C0A3-4F29-AB03-D24EA357562B}.Release|Any CPU.Build.0 = Release|Any CPU
		{2290975C-C0A3-4F29-AB03-D24EA357562B}.Release|Mixed Platforms.ActiveCfg = Release|Any CPU
		{2290975C-C0A3-4F29-AB03-D24EA357562B}.Release|Mixed Platforms.Build.0 = Release|Any CPU
		{18237246-FA82-4C18-9A0E-0E7447C82BD4}.Debug|.NET.ActiveCfg = Debug|Any CPU
		{18237246-FA82-4C18-9A0E-0E7447C82BD4}.Debug|Any CPU.ActiveCfg = Debug|Any CPU
		{18237246-FA82-4C18-9A0E-0E7447C82BD4}.Debug|Any CPU.Build.0 = Debug|Any CPU
		{18237246-FA82-4C18-9A0E-0E7447C82BD4}.Debug|Mixed Platforms.ActiveCfg = Debug|Any CPU
		{18237246-FA82-4C18-9A0E-0E7447C82BD4}.Debug|Mixed Platforms.Build.0 = Debug|Any CPU
		{18237246-FA82-4C18-9A0E-0E7447C82BD4}.Release|.NET.ActiveCfg = Release|Any CPU
		{18237246-FA82-4C18-9A0E-0E7447C82BD4}.Release|Any CPU.ActiveCfg = Release|Any CPU
		{18237246-FA82-4C18-9A0E-0E7447C82BD4}.Release|Any CPU.Build.0 = Release|Any CPU
		{18237246-FA82-4C18-9A0E-0E7447C82BD4}.Release|Mixed Platforms.ActiveCfg = Release|Any CPU
		{18237246-FA82-4C18-9A0E-0E7447C82BD4}.Release|Mixed Platforms.Build.0 = Release|Any CPU
		{552A9CD7-B9F2-4091-A578-B16DA7A11CEF}.Debug|.NET.ActiveCfg = Debug|Any CPU
		{552A9CD7-B9F2-4091-A578-B16DA7A11CEF}.Debug|Any CPU.ActiveCfg = Debug|Any CPU
		{552A9CD7-B9F2-4091-A578-B16DA7A11CEF}.Debug|Any CPU.Build.0 = Debug|Any CPU
		{552A9CD7-B9F2-4091-A578-B16DA7A11CEF}.Debug|Mixed Platforms.ActiveCfg = Debug|Any CPU
		{552A9CD7-B9F2-4091-A578-B16DA7A11CEF}.Debug|Mixed Platforms.Build.0 = Debug|Any CPU
		{552A9CD7-B9F2-4091-A578-B16DA7A11CEF}.Release|.NET.ActiveCfg = Release|Any CPU
		{552A9CD7-B9F2-4091-A578-B16DA7A11CEF}.Release|Any CPU.ActiveCfg = Release|Any CPU
		{552A9CD7-B9F2-4091-A578-B16DA7A11CEF}.Release|Any CPU.Build.0 = Release|Any CPU
		{552A9CD7-B9F2-4091-A578-B16DA7A11CEF}.Release|Mixed Platforms.ActiveCfg = Release|Any CPU
		{552A9CD7-B9F2-4091-A578-B16DA7A11CEF}.Release|Mixed Platforms.Build.0 = Release|Any CPU
		{B7387BAE-6A53-479B-903B-FA338EA42F07}.Debug|.NET.ActiveCfg = Debug|Any CPU
		{B7387BAE-6A53-479B-903B-FA338EA42F07}.Debug|Any CPU.ActiveCfg = Debug|Any CPU
		{B7387BAE-6A53-479B-903B-FA338EA42F07}.Debug|Any CPU.Build.0 = Debug|Any CPU
		{B7387BAE-6A53-479B-903B-FA338EA42F07}.Debug|Mixed Platforms.ActiveCfg = Debug|Any CPU
		{B7387BAE-6A53-479B-903B-FA338EA42F07}.Debug|Mixed Platforms.Build.0 = Debug|Any CPU
		{B7387BAE-6A53-479B-903B-FA338EA42F07}.Release|.NET.ActiveCfg = Release|Any CPU
		{B7387BAE-6A53-479B-903B-FA338EA42F07}.Release|Any CPU.ActiveCfg = Release|Any CPU
		{B7387BAE-6A53-479B-903B-FA338EA42F07}.Release|Any CPU.Build.0 = Release|Any CPU
		{B7387BAE-6A53-479B-903B-FA338EA42F07}.Release|Mixed Platforms.ActiveCfg = Release|Any CPU
		{B7387BAE-6A53-479B-903B-FA338EA42F07}.Release|Mixed Platforms.Build.0 = Release|Any CPU
		{3B5C7179-71C9-4A07-9D2F-AD3B7937E7B0}.Debug|.NET.ActiveCfg = Debug|Any CPU
		{3B5C7179-71C9-4A07-9D2F-AD3B7937E7B0}.Debug|Any CPU.ActiveCfg = Debug|Any CPU
		{3B5C7179-71C9-4A07-9D2F-AD3B7937E7B0}.Debug|Any CPU.Build.0 = Debug|Any CPU
		{3B5C7179-71C9-4A07-9D2F-AD3B7937E7B0}.Debug|Mixed Platforms.ActiveCfg = Debug|Any CPU
		{3B5C7179-71C9-4A07-9D2F-AD3B7937E7B0}.Debug|Mixed Platforms.Build.0 = Debug|Any CPU
		{3B5C7179-71C9-4A07-9D2F-AD3B7937E7B0}.Release|.NET.ActiveCfg = Release|Any CPU
		{3B5C7179-71C9-4A07-9D2F-AD3B7937E7B0}.Release|Any CPU.ActiveCfg = Release|Any CPU
		{3B5C7179-71C9-4A07-9D2F-AD3B7937E7B0}.Release|Any CPU.Build.0 = Release|Any CPU
		{3B5C7179-71C9-4A07-9D2F-AD3B7937E7B0}.Release|Mixed Platforms.ActiveCfg = Release|Any CPU
		{3B5C7179-71C9-4A07-9D2F-AD3B7937E7B0}.Release|Mixed Platforms.Build.0 = Release|Any CPU
		{19BFD679-4072-4FE7-B8A9-15AF2EE0368F}.Debug|.NET.ActiveCfg = Debug|Any CPU
		{19BFD679-4072-4FE7-B8A9-15AF2EE0368F}.Debug|Any CPU.ActiveCfg = Debug|Any CPU
		{19BFD679-4072-4FE7-B8A9-15AF2EE0368F}.Debug|Any CPU.Build.0 = Debug|Any CPU
		{19BFD679-4072-4FE7-B8A9-15AF2EE0368F}.Debug|Mixed Platforms.ActiveCfg = Debug|Any CPU
		{19BFD679-4072-4FE7-B8A9-15AF2EE0368F}.Debug|Mixed Platforms.Build.0 = Debug|Any CPU
		{19BFD679-4072-4FE7-B8A9-15AF2EE0368F}.Release|.NET.ActiveCfg = Release|Any CPU
		{19BFD679-4072-4FE7-B8A9-15AF2EE0368F}.Release|Any CPU.ActiveCfg = Release|Any CPU
		{19BFD679-4072-4FE7-B8A9-15AF2EE0368F}.Release|Any CPU.Build.0 = Release|Any CPU
		{19BFD679-4072-4FE7-B8A9-15AF2EE0368F}.Release|Mixed Platforms.ActiveCfg = Release|Any CPU
		{19BFD679-4072-4FE7-B8A9-15AF2EE0368F}.Release|Mixed Platforms.Build.0 = Release|Any CPU
		{9BA27249-354C-4F4A-AAE9-46876B5CA459}.Debug|.NET.ActiveCfg = Debug|Any CPU
		{9BA27249-354C-4F4A-AAE9-46876B5CA459}.Debug|Any CPU.ActiveCfg = Debug|Any CPU
		{9BA27249-354C-4F4A-AAE9-46876B5CA459}.Debug|Any CPU.Build.0 = Debug|Any CPU
		{9BA27249-354C-4F4A-AAE9-46876B5CA459}.Debug|Mixed Platforms.ActiveCfg = Debug|Any CPU
		{9BA27249-354C-4F4A-AAE9-46876B5CA459}.Debug|Mixed Platforms.Build.0 = Debug|Any CPU
		{9BA27249-354C-4F4A-AAE9-46876B5CA459}.Release|.NET.ActiveCfg = Release|Any CPU
		{9BA27249-354C-4F4A-AAE9-46876B5CA459}.Release|Any CPU.ActiveCfg = Release|Any CPU
		{9BA27249-354C-4F4A-AAE9-46876B5CA459}.Release|Any CPU.Build.0 = Release|Any CPU
		{9BA27249-354C-4F4A-AAE9-46876B5CA459}.Release|Mixed Platforms.ActiveCfg = Release|Any CPU
		{9BA27249-354C-4F4A-AAE9-46876B5CA459}.Release|Mixed Platforms.Build.0 = Release|Any CPU
	EndGlobalSection
	GlobalSection(SolutionProperties) = preSolution
		HideSolutionNode = FALSE
	EndGlobalSection
EndGlobal
